
Microsoft Visual Studio Solution File, Format Version 12.00
# Visual Studio Version 17
VisualStudioVersion = 17.5.33627.172
MinimumVisualStudioVersion = 10.0.40219.1
Project("{FAE04EC0-301F-11D3-BF4B-00C04F79EFBC}") = "Lab2_Q2", "Lab2_Q2\Lab2_Q2.csproj", "{1A9E2A5F-CC8C-4B99-89C4-07B0019EE95E}"
EndProject
Project("{2150E333-8FDC-42A3-9474-1A3956D46DE8}") = "Solution Items", "Solution Items", "{0351A7B0-E772-49D2-936B-5A8C1846AD5E}"
EndProject
Global
	GlobalSection(SolutionConfigurationPlatforms) = preSolution
		Debug|Any CPU = Debug|Any CPU
		Release|Any CPU = Release|Any CPU
	EndGlobalSection
	GlobalSection(ProjectConfigurationPlatforms) = postSolution
		{1A9E2A5F-CC8C-4B99-89C4-07B0019EE95E}.Debug|Any CPU.ActiveCfg = Debug|Any CPU
		{1A9E2A5F-CC8C-4B99-89C4-07B0019EE95E}.Debug|Any CPU.Build.0 = Debug|Any CPU
		{1A9E2A5F-CC8C-4B99-89C4-07B0019EE95E}.Release|Any CPU.ActiveCfg = Release|Any CPU
		{1A9E2A5F-CC8C-4B99-89C4-07B0019EE95E}.Release|Any CPU.Build.0 = Release|Any CPU
	EndGlobalSection
	GlobalSection(SolutionProperties) = preSolution
		HideSolutionNode = FALSE
	EndGlobalSection
	GlobalSection(ExtensibilityGlobals) = postSolution
		SolutionGuid = {6C3F59F8-D569-4B83-B55A-0996E3CD46B9}
	EndGlobalSection
EndGlobal
