
Microsoft Visual Studio Solution File, Format Version 12.00
# Visual Studio Version 17
VisualStudioVersion = 17.5.33627.172
MinimumVisualStudioVersion = 10.0.40219.1
Project("{FAE04EC0-301F-11D3-BF4B-00C04F79EFBC}") = "Lab2_Q4", "Lab2_Q4\Lab2_Q4.csproj", "{A1B55A64-D100-482F-9DE1-451B60A74DDF}"
EndProject
Global
	GlobalSection(SolutionConfigurationPlatforms) = preSolution
		Debug|Any CPU = Debug|Any CPU
		Release|Any CPU = Release|Any CPU
	EndGlobalSection
	GlobalSection(ProjectConfigurationPlatforms) = postSolution
		{A1B55A64-D100-482F-9DE1-451B60A74DDF}.Debug|Any CPU.ActiveCfg = Debug|Any CPU
		{A1B55A64-D100-482F-9DE1-451B60A74DDF}.Debug|Any CPU.Build.0 = Debug|Any CPU
		{A1B55A64-D100-482F-9DE1-451B60A74DDF}.Release|Any CPU.ActiveCfg = Release|Any CPU
		{A1B55A64-D100-482F-9DE1-451B60A74DDF}.Release|Any CPU.Build.0 = Release|Any CPU
	EndGlobalSection
	GlobalSection(SolutionProperties) = preSolution
		HideSolutionNode = FALSE
	EndGlobalSection
	GlobalSection(ExtensibilityGlobals) = postSolution
		SolutionGuid = {F6262D1B-98DC-499E-AB92-2199EBDAD943}
	EndGlobalSection
EndGlobal
